// !$*UTF8*$!
{
	archiveVersion = 1;
	classes = {
	};
	objectVersion = 56;
	objects = {

/* Begin PBXBuildFile section */
		6E1ED47D2B8E4CB100674AA3 /* HealthData.swift in Sources */ = {isa = PBXBuildFile; fileRef = 6E1ED47C2B8E4CB100674AA3 /* HealthData.swift */; };
		6E2017912B358059005E9052 /* HealthStatApp.swift in Sources */ = {isa = PBXBuildFile; fileRef = 6E2017902B358059005E9052 /* HealthStatApp.swift */; };
		6E2017932B358059005E9052 /* ContentView.swift in Sources */ = {isa = PBXBuildFile; fileRef = 6E2017922B358059005E9052 /* ContentView.swift */; };
		6E2017952B35805A005E9052 /* Assets.xcassets in Resources */ = {isa = PBXBuildFile; fileRef = 6E2017942B35805A005E9052 /* Assets.xcassets */; };
		6E2017982B35805A005E9052 /* Preview Assets.xcassets in Resources */ = {isa = PBXBuildFile; fileRef = 6E2017972B35805A005E9052 /* Preview Assets.xcassets */; };
		6E51A12C2B93BB5D0066A6B8 /* BrowseListElementView.swift in Sources */ = {isa = PBXBuildFile; fileRef = 6E51A12B2B93BB5D0066A6B8 /* BrowseListElementView.swift */; };
		6E5CC7962BA8DD95002C4973 /* HealthKitWorkoutActivityType.swift in Sources */ = {isa = PBXBuildFile; fileRef = 6E5CC7952BA8DD95002C4973 /* HealthKitWorkoutActivityType.swift */; };
		6E63CF1A2B3CB97300B1D8CE /* ExploreView.swift in Sources */ = {isa = PBXBuildFile; fileRef = 6E63CF192B3CB97300B1D8CE /* ExploreView.swift */; };
		6E63CF1C2B3CBA0300B1D8CE /* SettingsView.swift in Sources */ = {isa = PBXBuildFile; fileRef = 6E63CF1B2B3CBA0300B1D8CE /* SettingsView.swift */; };
		6E82CC882B828DF500513470 /* WorkoutStatView.swift in Sources */ = {isa = PBXBuildFile; fileRef = 6E82CC872B828DF500513470 /* WorkoutStatView.swift */; };
		6E8DC81E2B3AC936006AFF78 /* HealthKitManager.swift in Sources */ = {isa = PBXBuildFile; fileRef = 6E8DC81D2B3AC936006AFF78 /* HealthKitManager.swift */; };
		6EA5FB0C2B9E0BD10032EB27 /* Constants.swift in Sources */ = {isa = PBXBuildFile; fileRef = 6EA5FB0B2B9E0BD10032EB27 /* Constants.swift */; };
		6ED9C4E42B716CFC000334EC /* ExploreListElementView.swift in Sources */ = {isa = PBXBuildFile; fileRef = 6ED9C4E32B716CFC000334EC /* ExploreListElementView.swift */; };
		6EE07A8C2B5864ED005737B6 /* FavoritesView.swift in Sources */ = {isa = PBXBuildFile; fileRef = 6EE07A8B2B5864ED005737B6 /* FavoritesView.swift */; };
/* End PBXBuildFile section */

/* Begin PBXFileReference section */
		6E1ED47C2B8E4CB100674AA3 /* HealthData.swift */ = {isa = PBXFileReference; lastKnownFileType = sourcecode.swift; path = HealthData.swift; sourceTree = "<group>"; };
		6E20178D2B358059005E9052 /* HealthStat.app */ = {isa = PBXFileReference; explicitFileType = wrapper.application; includeInIndex = 0; path = HealthStat.app; sourceTree = BUILT_PRODUCTS_DIR; };
		6E2017902B358059005E9052 /* HealthStatApp.swift */ = {isa = PBXFileReference; lastKnownFileType = sourcecode.swift; path = HealthStatApp.swift; sourceTree = "<group>"; };
		6E2017922B358059005E9052 /* ContentView.swift */ = {isa = PBXFileReference; lastKnownFileType = sourcecode.swift; path = ContentView.swift; sourceTree = "<group>"; };
		6E2017942B35805A005E9052 /* Assets.xcassets */ = {isa = PBXFileReference; lastKnownFileType = folder.assetcatalog; path = Assets.xcassets; sourceTree = "<group>"; };
		6E2017972B35805A005E9052 /* Preview Assets.xcassets */ = {isa = PBXFileReference; lastKnownFileType = folder.assetcatalog; path = "Preview Assets.xcassets"; sourceTree = "<group>"; };
		6E51A12B2B93BB5D0066A6B8 /* BrowseListElementView.swift */ = {isa = PBXFileReference; lastKnownFileType = sourcecode.swift; path = BrowseListElementView.swift; sourceTree = "<group>"; };
		6E5CC7952BA8DD95002C4973 /* HealthKitWorkoutActivityType.swift */ = {isa = PBXFileReference; lastKnownFileType = sourcecode.swift; path = HealthKitWorkoutActivityType.swift; sourceTree = "<group>"; };
		6E63CF192B3CB97300B1D8CE /* ExploreView.swift */ = {isa = PBXFileReference; lastKnownFileType = sourcecode.swift; path = ExploreView.swift; sourceTree = "<group>"; };
		6E63CF1B2B3CBA0300B1D8CE /* SettingsView.swift */ = {isa = PBXFileReference; lastKnownFileType = sourcecode.swift; path = SettingsView.swift; sourceTree = "<group>"; };
		6E82CC872B828DF500513470 /* WorkoutStatView.swift */ = {isa = PBXFileReference; lastKnownFileType = sourcecode.swift; path = WorkoutStatView.swift; sourceTree = "<group>"; };
		6E8DC81B2B3AC8BA006AFF78 /* Info.plist */ = {isa = PBXFileReference; lastKnownFileType = text.plist.xml; path = Info.plist; sourceTree = "<group>"; };
		6E8DC81D2B3AC936006AFF78 /* HealthKitManager.swift */ = {isa = PBXFileReference; lastKnownFileType = sourcecode.swift; path = HealthKitManager.swift; sourceTree = "<group>"; };
		6EA5FB0B2B9E0BD10032EB27 /* Constants.swift */ = {isa = PBXFileReference; lastKnownFileType = sourcecode.swift; path = Constants.swift; sourceTree = "<group>"; };
		6ED9C4E32B716CFC000334EC /* ExploreListElementView.swift */ = {isa = PBXFileReference; lastKnownFileType = sourcecode.swift; path = ExploreListElementView.swift; sourceTree = "<group>"; };
		6EE07A8A2B58639C005737B6 /* HealthStat.entitlements */ = {isa = PBXFileReference; lastKnownFileType = text.plist.entitlements; path = HealthStat.entitlements; sourceTree = "<group>"; };
		6EE07A8B2B5864ED005737B6 /* FavoritesView.swift */ = {isa = PBXFileReference; lastKnownFileType = sourcecode.swift; path = FavoritesView.swift; sourceTree = "<group>"; };
/* End PBXFileReference section */

/* Begin PBXFrameworksBuildPhase section */
		6E20178A2B358059005E9052 /* Frameworks */ = {
			isa = PBXFrameworksBuildPhase;
			buildActionMask = 2147483647;
			files = (
			);
			runOnlyForDeploymentPostprocessing = 0;
		};
/* End PBXFrameworksBuildPhase section */

/* Begin PBXGroup section */
		6E2017842B358059005E9052 = {
			isa = PBXGroup;
			children = (
				6E20178F2B358059005E9052 /* HealthStat */,
				6E20178E2B358059005E9052 /* Products */,
			);
			sourceTree = "<group>";
		};
		6E20178E2B358059005E9052 /* Products */ = {
			isa = PBXGroup;
			children = (
				6E20178D2B358059005E9052 /* HealthStat.app */,
			);
			name = Products;
			sourceTree = "<group>";
		};
		6E20178F2B358059005E9052 /* HealthStat */ = {
			isa = PBXGroup;
			children = (
				6E8DC81B2B3AC8BA006AFF78 /* Info.plist */,
				6EE07A8A2B58639C005737B6 /* HealthStat.entitlements */,
				6E63CF1D2B3CBA2600B1D8CE /* Views */,
				6E2017902B358059005E9052 /* HealthStatApp.swift */,
				6E7792612B62D73D005FDD69 /* ViewSnippets */,
				6E2017942B35805A005E9052 /* Assets.xcassets */,
				6E2017962B35805A005E9052 /* Preview Content */,
				6E8DC81D2B3AC936006AFF78 /* HealthKitManager.swift */,
				6E1ED47C2B8E4CB100674AA3 /* HealthData.swift */,
				6E5CC7952BA8DD95002C4973 /* HealthKitWorkoutActivityType.swift */,
				6EA5FB0B2B9E0BD10032EB27 /* Constants.swift */,
			);
			path = HealthStat;
			sourceTree = "<group>";
		};
		6E2017962B35805A005E9052 /* Preview Content */ = {
			isa = PBXGroup;
			children = (
				6E2017972B35805A005E9052 /* Preview Assets.xcassets */,
			);
			path = "Preview Content";
			sourceTree = "<group>";
		};
		6E63CF1D2B3CBA2600B1D8CE /* Views */ = {
			isa = PBXGroup;
			children = (
				6E2017922B358059005E9052 /* ContentView.swift */,
				6E63CF192B3CB97300B1D8CE /* ExploreView.swift */,
				6E63CF1B2B3CBA0300B1D8CE /* SettingsView.swift */,
				6EE07A8B2B5864ED005737B6 /* FavoritesView.swift */,
				6E82CC872B828DF500513470 /* WorkoutStatView.swift */,
			);
			path = Views;
			sourceTree = "<group>";
		};
		6E7792612B62D73D005FDD69 /* ViewSnippets */ = {
			isa = PBXGroup;
			children = (
				6E51A12B2B93BB5D0066A6B8 /* BrowseListElementView.swift */,
				6ED9C4E32B716CFC000334EC /* ExploreListElementView.swift */,
			);
			path = ViewSnippets;
			sourceTree = "<group>";
		};
/* End PBXGroup section */

/* Begin PBXNativeTarget section */
		6E20178C2B358059005E9052 /* HealthStat */ = {
			isa = PBXNativeTarget;
			buildConfigurationList = 6E20179B2B35805A005E9052 /* Build configuration list for PBXNativeTarget "HealthStat" */;
			buildPhases = (
				6E2017892B358059005E9052 /* Sources */,
				6E20178A2B358059005E9052 /* Frameworks */,
				6E20178B2B358059005E9052 /* Resources */,
			);
			buildRules = (
			);
			dependencies = (
			);
			name = HealthStat;
			productName = HealthStat;
			productReference = 6E20178D2B358059005E9052 /* HealthStat.app */;
			productType = "com.apple.product-type.application";
		};
/* End PBXNativeTarget section */

/* Begin PBXProject section */
		6E2017852B358059005E9052 /* Project object */ = {
			isa = PBXProject;
			attributes = {
				BuildIndependentTargetsInParallel = 1;
				LastSwiftUpdateCheck = 1510;
				LastUpgradeCheck = 1510;
				TargetAttributes = {
					6E20178C2B358059005E9052 = {
						CreatedOnToolsVersion = 15.1;
					};
				};
			};
			buildConfigurationList = 6E2017882B358059005E9052 /* Build configuration list for PBXProject "HealthStat" */;
			compatibilityVersion = "Xcode 14.0";
			developmentRegion = en;
			hasScannedForEncodings = 0;
			knownRegions = (
				en,
				Base,
			);
			mainGroup = 6E2017842B358059005E9052;
			productRefGroup = 6E20178E2B358059005E9052 /* Products */;
			projectDirPath = "";
			projectRoot = "";
			targets = (
				6E20178C2B358059005E9052 /* HealthStat */,
			);
		};
/* End PBXProject section */

/* Begin PBXResourcesBuildPhase section */
		6E20178B2B358059005E9052 /* Resources */ = {
			isa = PBXResourcesBuildPhase;
			buildActionMask = 2147483647;
			files = (
				6E2017982B35805A005E9052 /* Preview Assets.xcassets in Resources */,
				6E2017952B35805A005E9052 /* Assets.xcassets in Resources */,
			);
			runOnlyForDeploymentPostprocessing = 0;
		};
/* End PBXResourcesBuildPhase section */

/* Begin PBXSourcesBuildPhase section */
		6E2017892B358059005E9052 /* Sources */ = {
			isa = PBXSourcesBuildPhase;
			buildActionMask = 2147483647;
			files = (
				6E1ED47D2B8E4CB100674AA3 /* HealthData.swift in Sources */,
				6EA5FB0C2B9E0BD10032EB27 /* Constants.swift in Sources */,
				6E63CF1C2B3CBA0300B1D8CE /* SettingsView.swift in Sources */,
				6E82CC882B828DF500513470 /* WorkoutStatView.swift in Sources */,
				6E2017932B358059005E9052 /* ContentView.swift in Sources */,
				6EE07A8C2B5864ED005737B6 /* FavoritesView.swift in Sources */,
				6E2017912B358059005E9052 /* HealthStatApp.swift in Sources */,
				6E63CF1A2B3CB97300B1D8CE /* ExploreView.swift in Sources */,
				6E8DC81E2B3AC936006AFF78 /* HealthKitManager.swift in Sources */,
				6E5CC7962BA8DD95002C4973 /* HealthKitWorkoutActivityType.swift in Sources */,
				6ED9C4E42B716CFC000334EC /* ExploreListElementView.swift in Sources */,
				6E51A12C2B93BB5D0066A6B8 /* BrowseListElementView.swift in Sources */,
			);
			runOnlyForDeploymentPostprocessing = 0;
		};
/* End PBXSourcesBuildPhase section */

/* Begin XCBuildConfiguration section */
		6E2017992B35805A005E9052 /* Debug */ = {
			isa = XCBuildConfiguration;
			buildSettings = {
				ALWAYS_SEARCH_USER_PATHS = NO;
				ASSETCATALOG_COMPILER_GENERATE_SWIFT_ASSET_SYMBOL_EXTENSIONS = YES;
				CLANG_ANALYZER_NONNULL = YES;
				CLANG_ANALYZER_NUMBER_OBJECT_CONVERSION = YES_AGGRESSIVE;
				CLANG_CXX_LANGUAGE_STANDARD = "gnu++20";
				CLANG_ENABLE_MODULES = YES;
				CLANG_ENABLE_OBJC_ARC = YES;
				CLANG_ENABLE_OBJC_WEAK = YES;
				CLANG_WARN_BLOCK_CAPTURE_AUTORELEASING = YES;
				CLANG_WARN_BOOL_CONVERSION = YES;
				CLANG_WARN_COMMA = YES;
				CLANG_WARN_CONSTANT_CONVERSION = YES;
				CLANG_WARN_DEPRECATED_OBJC_IMPLEMENTATIONS = YES;
				CLANG_WARN_DIRECT_OBJC_ISA_USAGE = YES_ERROR;
				CLANG_WARN_DOCUMENTATION_COMMENTS = YES;
				CLANG_WARN_EMPTY_BODY = YES;
				CLANG_WARN_ENUM_CONVERSION = YES;
				CLANG_WARN_INFINITE_RECURSION = YES;
				CLANG_WARN_INT_CONVERSION = YES;
				CLANG_WARN_NON_LITERAL_NULL_CONVERSION = YES;
				CLANG_WARN_OBJC_IMPLICIT_RETAIN_SELF = YES;
				CLANG_WARN_OBJC_LITERAL_CONVERSION = YES;
				CLANG_WARN_OBJC_ROOT_CLASS = YES_ERROR;
				CLANG_WARN_QUOTED_INCLUDE_IN_FRAMEWORK_HEADER = YES;
				CLANG_WARN_RANGE_LOOP_ANALYSIS = YES;
				CLANG_WARN_STRICT_PROTOTYPES = YES;
				CLANG_WARN_SUSPICIOUS_MOVE = YES;
				CLANG_WARN_UNGUARDED_AVAILABILITY = YES_AGGRESSIVE;
				CLANG_WARN_UNREACHABLE_CODE = YES;
				CLANG_WARN__DUPLICATE_METHOD_MATCH = YES;
				COPY_PHASE_STRIP = NO;
				DEBUG_INFORMATION_FORMAT = dwarf;
				ENABLE_STRICT_OBJC_MSGSEND = YES;
				ENABLE_TESTABILITY = YES;
				ENABLE_USER_SCRIPT_SANDBOXING = YES;
				GCC_C_LANGUAGE_STANDARD = gnu17;
				GCC_DYNAMIC_NO_PIC = NO;
				GCC_NO_COMMON_BLOCKS = YES;
				GCC_OPTIMIZATION_LEVEL = 0;
				GCC_PREPROCESSOR_DEFINITIONS = (
					"DEBUG=1",
					"$(inherited)",
				);
				GCC_WARN_64_TO_32_BIT_CONVERSION = YES;
				GCC_WARN_ABOUT_RETURN_TYPE = YES_ERROR;
				GCC_WARN_UNDECLARED_SELECTOR = YES;
				GCC_WARN_UNINITIALIZED_AUTOS = YES_AGGRESSIVE;
				GCC_WARN_UNUSED_FUNCTION = YES;
				GCC_WARN_UNUSED_VARIABLE = YES;
				IPHONEOS_DEPLOYMENT_TARGET = 17.2;
				LOCALIZATION_PREFERS_STRING_CATALOGS = YES;
				MTL_ENABLE_DEBUG_INFO = INCLUDE_SOURCE;
				MTL_FAST_MATH = YES;
				ONLY_ACTIVE_ARCH = YES;
				SDKROOT = iphoneos;
				SWIFT_ACTIVE_COMPILATION_CONDITIONS = "DEBUG $(inherited)";
				SWIFT_OPTIMIZATION_LEVEL = "-Onone";
			};
			name = Debug;
		};
		6E20179A2B35805A005E9052 /* Release */ = {
			isa = XCBuildConfiguration;
			buildSettings = {
				ALWAYS_SEARCH_USER_PATHS = NO;
				ASSETCATALOG_COMPILER_GENERATE_SWIFT_ASSET_SYMBOL_EXTENSIONS = YES;
				CLANG_ANALYZER_NONNULL = YES;
				CLANG_ANALYZER_NUMBER_OBJECT_CONVERSION = YES_AGGRESSIVE;
				CLANG_CXX_LANGUAGE_STANDARD = "gnu++20";
				CLANG_ENABLE_MODULES = YES;
				CLANG_ENABLE_OBJC_ARC = YES;
				CLANG_ENABLE_OBJC_WEAK = YES;
				CLANG_WARN_BLOCK_CAPTURE_AUTORELEASING = YES;
				CLANG_WARN_BOOL_CONVERSION = YES;
				CLANG_WARN_COMMA = YES;
				CLANG_WARN_CONSTANT_CONVERSION = YES;
				CLANG_WARN_DEPRECATED_OBJC_IMPLEMENTATIONS = YES;
				CLANG_WARN_DIRECT_OBJC_ISA_USAGE = YES_ERROR;
				CLANG_WARN_DOCUMENTATION_COMMENTS = YES;
				CLANG_WARN_EMPTY_BODY = YES;
				CLANG_WARN_ENUM_CONVERSION = YES;
				CLANG_WARN_INFINITE_RECURSION = YES;
				CLANG_WARN_INT_CONVERSION = YES;
				CLANG_WARN_NON_LITERAL_NULL_CONVERSION = YES;
				CLANG_WARN_OBJC_IMPLICIT_RETAIN_SELF = YES;
				CLANG_WARN_OBJC_LITERAL_CONVERSION = YES;
				CLANG_WARN_OBJC_ROOT_CLASS = YES_ERROR;
				CLANG_WARN_QUOTED_INCLUDE_IN_FRAMEWORK_HEADER = YES;
				CLANG_WARN_RANGE_LOOP_ANALYSIS = YES;
				CLANG_WARN_STRICT_PROTOTYPES = YES;
				CLANG_WARN_SUSPICIOUS_MOVE = YES;
				CLANG_WARN_UNGUARDED_AVAILABILITY = YES_AGGRESSIVE;
				CLANG_WARN_UNREACHABLE_CODE = YES;
				CLANG_WARN__DUPLICATE_METHOD_MATCH = YES;
				COPY_PHASE_STRIP = NO;
				DEBUG_INFORMATION_FORMAT = "dwarf-with-dsym";
				ENABLE_NS_ASSERTIONS = NO;
				ENABLE_STRICT_OBJC_MSGSEND = YES;
				ENABLE_USER_SCRIPT_SANDBOXING = YES;
				GCC_C_LANGUAGE_STANDARD = gnu17;
				GCC_NO_COMMON_BLOCKS = YES;
				GCC_WARN_64_TO_32_BIT_CONVERSION = YES;
				GCC_WARN_ABOUT_RETURN_TYPE = YES_ERROR;
				GCC_WARN_UNDECLARED_SELECTOR = YES;
				GCC_WARN_UNINITIALIZED_AUTOS = YES_AGGRESSIVE;
				GCC_WARN_UNUSED_FUNCTION = YES;
				GCC_WARN_UNUSED_VARIABLE = YES;
				IPHONEOS_DEPLOYMENT_TARGET = 17.2;
				LOCALIZATION_PREFERS_STRING_CATALOGS = YES;
				MTL_ENABLE_DEBUG_INFO = NO;
				MTL_FAST_MATH = YES;
				SDKROOT = iphoneos;
				SWIFT_COMPILATION_MODE = wholemodule;
				VALIDATE_PRODUCT = YES;
			};
			name = Release;
		};
		6E20179C2B35805A005E9052 /* Debug */ = {
			isa = XCBuildConfiguration;
			buildSettings = {
				ASSETCATALOG_COMPILER_APPICON_NAME = AppIcon;
				ASSETCATALOG_COMPILER_GLOBAL_ACCENT_COLOR_NAME = AccentColor;
				CODE_SIGN_ENTITLEMENTS = HealthStat/HealthStat.entitlements;
				CODE_SIGN_STYLE = Automatic;
				CURRENT_PROJECT_VERSION = 1;
				DEVELOPMENT_ASSET_PATHS = "\"HealthStat/Preview Content\"";
				DEVELOPMENT_TEAM = KR45X7UZ6D;
				ENABLE_PREVIEWS = YES;
				GENERATE_INFOPLIST_FILE = YES;
				INFOPLIST_FILE = HealthStat/Info.plist;
				INFOPLIST_KEY_LSApplicationCategoryType = "public.app-category.healthcare-fitness";
				INFOPLIST_KEY_UIApplicationSceneManifest_Generation = YES;
				INFOPLIST_KEY_UIApplicationSupportsIndirectInputEvents = YES;
				INFOPLIST_KEY_UILaunchScreen_Generation = YES;
				INFOPLIST_KEY_UISupportedInterfaceOrientations_iPad = "UIInterfaceOrientationPortrait UIInterfaceOrientationPortraitUpsideDown UIInterfaceOrientationLandscapeLeft UIInterfaceOrientationLandscapeRight";
				INFOPLIST_KEY_UISupportedInterfaceOrientations_iPhone = "UIInterfaceOrientationPortrait UIInterfaceOrientationLandscapeLeft UIInterfaceOrientationLandscapeRight";
				IPHONEOS_DEPLOYMENT_TARGET = 17.2;
				LD_RUNPATH_SEARCH_PATHS = (
					"$(inherited)",
					"@executable_path/Frameworks",
				);
				MARKETING_VERSION = 1.0;
				PRODUCT_BUNDLE_IDENTIFIER = TAppSDevelopment.HealthStat;
				PRODUCT_NAME = "$(TARGET_NAME)";
				SWIFT_EMIT_LOC_STRINGS = YES;
				SWIFT_VERSION = 5.0;
				TARGETED_DEVICE_FAMILY = "1,2";
			};
			name = Debug;
		};
		6E20179D2B35805A005E9052 /* Release */ = {
			isa = XCBuildConfiguration;
			buildSettings = {
				ASSETCATALOG_COMPILER_APPICON_NAME = AppIcon;
				ASSETCATALOG_COMPILER_GLOBAL_ACCENT_COLOR_NAME = AccentColor;
				CODE_SIGN_ENTITLEMENTS = HealthStat/HealthStat.entitlements;
				CODE_SIGN_STYLE = Automatic;
				CURRENT_PROJECT_VERSION = 1;
				DEVELOPMENT_ASSET_PATHS = "\"HealthStat/Preview Content\"";
				DEVELOPMENT_TEAM = KR45X7UZ6D;
				ENABLE_PREVIEWS = YES;
				GENERATE_INFOPLIST_FILE = YES;
				INFOPLIST_FILE = HealthStat/Info.plist;
				INFOPLIST_KEY_LSApplicationCategoryType = "public.app-category.healthcare-fitness";
				INFOPLIST_KEY_UIApplicationSceneManifest_Generation = YES;
				INFOPLIST_KEY_UIApplicationSupportsIndirectInputEvents = YES;
				INFOPLIST_KEY_UILaunchScreen_Generation = YES;
				INFOPLIST_KEY_UISupportedInterfaceOrientations_iPad = "UIInterfaceOrientationPortrait UIInterfaceOrientationPortraitUpsideDown UIInterfaceOrientationLandscapeLeft UIInterfaceOrientationLandscapeRight";
				INFOPLIST_KEY_UISupportedInterfaceOrientations_iPhone = "UIInterfaceOrientationPortrait UIInterfaceOrientationLandscapeLeft UIInterfaceOrientationLandscapeRight";
				IPHONEOS_DEPLOYMENT_TARGET = 17.2;
				LD_RUNPATH_SEARCH_PATHS = (
					"$(inherited)",
					"@executable_path/Frameworks",
				);
				MARKETING_VERSION = 1.0;
				PRODUCT_BUNDLE_IDENTIFIER = TAppSDevelopment.HealthStat;
				PRODUCT_NAME = "$(TARGET_NAME)";
				SWIFT_EMIT_LOC_STRINGS = YES;
				SWIFT_VERSION = 5.0;
				TARGETED_DEVICE_FAMILY = "1,2";
			};
			name = Release;
		};
/* End XCBuildConfiguration section */

/* Begin XCConfigurationList section */
		6E2017882B358059005E9052 /* Build configuration list for PBXProject "HealthStat" */ = {
			isa = XCConfigurationList;
			buildConfigurations = (
				6E2017992B35805A005E9052 /* Debug */,
				6E20179A2B35805A005E9052 /* Release */,
			);
			defaultConfigurationIsVisible = 0;
			defaultConfigurationName = Release;
		};
		6E20179B2B35805A005E9052 /* Build configuration list for PBXNativeTarget "HealthStat" */ = {
			isa = XCConfigurationList;
			buildConfigurations = (
				6E20179C2B35805A005E9052 /* Debug */,
				6E20179D2B35805A005E9052 /* Release */,
			);
			defaultConfigurationIsVisible = 0;
			defaultConfigurationName = Release;
		};
/* End XCConfigurationList section */
	};
	rootObject = 6E2017852B358059005E9052 /* Project object */;
}
